{
  "name": "@tiqian/prose",
  "version": "0.1.0-alpha.5",
  "lockfileVersion": 3,
  "requires": true,
  "packages": {
    "": {
      "name": "@tiqian/prose",
      "version": "0.1.0-alpha.5",
      "license": "MPL-2.0",
      "engines": {
        "node": ">=22"
      },
      "dependencies": {
        "@tiqian/ffi": "0.1.0-alpha.1"
      }
    },
    "node_modules/@tiqian/ffi": {
      "version": "0.1.0-alpha.1",
      "resolved": "https://registry.npmjs.org/@tiqian/ffi/-/ffi-0.1.0-alpha.1.tgz",
      "engines": {
        "node": ">=22"
      }
    }
  }
}
